
Microsoft Visual Studio Solution File, Format Version 12.00
# Visual Studio Version 17
VisualStudioVersion = 17.2.32616.157
MinimumVisualStudioVersion = 10.0.40219.1
Project("{9A19103F-16F7-4668-BE54-9A1E7A4F7556}") = "UserManagement.Common", "UserManagement.Common\UserManagement.Common.csproj", "{A0673691-EBFC-410F-8C42-99EE036DCD2F}"
EndProject
Project("{9A19103F-16F7-4668-BE54-9A1E7A4F7556}") = "UserManagement.Manager", "UserManagement.Manager\UserManagement.Manager.csproj", "{0995219E-A819-4677-8131-E09F18EE62AA}"
EndProject
Project("{9A19103F-16F7-4668-BE54-9A1E7A4F7556}") = "UserManagement.WebApi", "UserManagement.WebApi\UserManagement.WebApi.csproj", "{9E693B1F-20EE-491A-8F60-773DA831FE24}"
EndProject
Global
	GlobalSection(SolutionConfigurationPlatforms) = preSolution
		Debug|Any CPU = Debug|Any CPU
		Release|Any CPU = Release|Any CPU
	EndGlobalSection
	GlobalSection(ProjectConfigurationPlatforms) = postSolution
		{A0673691-EBFC-410F-8C42-99EE036DCD2F}.Debug|Any CPU.ActiveCfg = Debug|Any CPU
		{A0673691-EBFC-410F-8C42-99EE036DCD2F}.Debug|Any CPU.Build.0 = Debug|Any CPU
		{A0673691-EBFC-410F-8C42-99EE036DCD2F}.Release|Any CPU.ActiveCfg = Release|Any CPU
		{A0673691-EBFC-410F-8C42-99EE036DCD2F}.Release|Any CPU.Build.0 = Release|Any CPU
		{0995219E-A819-4677-8131-E09F18EE62AA}.Debug|Any CPU.ActiveCfg = Debug|Any CPU
		{0995219E-A819-4677-8131-E09F18EE62AA}.Debug|Any CPU.Build.0 = Debug|Any CPU
		{0995219E-A819-4677-8131-E09F18EE62AA}.Release|Any CPU.ActiveCfg = Release|Any CPU
		{0995219E-A819-4677-8131-E09F18EE62AA}.Release|Any CPU.Build.0 = Release|Any CPU
		{9E693B1F-20EE-491A-8F60-773DA831FE24}.Debug|Any CPU.ActiveCfg = Debug|Any CPU
		{9E693B1F-20EE-491A-8F60-773DA831FE24}.Debug|Any CPU.Build.0 = Debug|Any CPU
		{9E693B1F-20EE-491A-8F60-773DA831FE24}.Release|Any CPU.ActiveCfg = Release|Any CPU
		{9E693B1F-20EE-491A-8F60-773DA831FE24}.Release|Any CPU.Build.0 = Release|Any CPU
	EndGlobalSection
	GlobalSection(SolutionProperties) = preSolution
		HideSolutionNode = FALSE
	EndGlobalSection
	GlobalSection(ExtensibilityGlobals) = postSolution
		SolutionGuid = {9069A00B-8F04-4B32-9735-3203D085EA15}
	EndGlobalSection
EndGlobal
